
Microsoft Visual Studio Solution File, Format Version 12.00
# Visual Studio Version 17
VisualStudioVersion = 17.10.35013.160
MinimumVisualStudioVersion = 10.0.40219.1
Project("{FAE04EC0-301F-11D3-BF4B-00C04F79EFBC}") = "OtusHomeWork10new", "OtusHomeWork10new\OtusHomeWork10new.csproj", "{66FDBF9E-0AA9-4D8B-B314-07B9A01AA958}"
EndProject
Global
	GlobalSection(SolutionConfigurationPlatforms) = preSolution
		Debug|Any CPU = Debug|Any CPU
		Release|Any CPU = Release|Any CPU
	EndGlobalSection
	GlobalSection(ProjectConfigurationPlatforms) = postSolution
		{66FDBF9E-0AA9-4D8B-B314-07B9A01AA958}.Debug|Any CPU.ActiveCfg = Debug|Any CPU
		{66FDBF9E-0AA9-4D8B-B314-07B9A01AA958}.Debug|Any CPU.Build.0 = Debug|Any CPU
		{66FDBF9E-0AA9-4D8B-B314-07B9A01AA958}.Release|Any CPU.ActiveCfg = Release|Any CPU
		{66FDBF9E-0AA9-4D8B-B314-07B9A01AA958}.Release|Any CPU.Build.0 = Release|Any CPU
	EndGlobalSection
	GlobalSection(SolutionProperties) = preSolution
		HideSolutionNode = FALSE
	EndGlobalSection
	GlobalSection(ExtensibilityGlobals) = postSolution
		SolutionGuid = {91878D8A-1E37-42F8-85C2-B2D20E129F49}
	EndGlobalSection
EndGlobal
