
Microsoft Visual Studio Solution File, Format Version 12.00
# Visual Studio Version 17
VisualStudioVersion = 17.10.35013.160
MinimumVisualStudioVersion = 10.0.40219.1
Project("{9A19103F-16F7-4668-BE54-9A1E7A4F7556}") = "OtusHomeWork06_Part1", "OtusHomeWork06_Part1\OtusHomeWork06_Part1.csproj", "{09B231BB-EFDA-442A-A793-EE023ADE108A}"
EndProject
Project("{9A19103F-16F7-4668-BE54-9A1E7A4F7556}") = "OtusHomeWork6_Part2", "OtusHomeWork6_Part2\OtusHomeWork6_Part2.csproj", "{0EAEE93E-7F50-46FD-B9C5-5F824CF01315}"
EndProject
Project("{FAE04EC0-301F-11D3-BF4B-00C04F79EFBC}") = "OtusHomeWork_Part3", "OtusHomeWork_Part3\OtusHomeWork_Part3.csproj", "{78EF3DCD-F33B-491B-8F06-39E6E3297292}"
EndProject
Global
	GlobalSection(SolutionConfigurationPlatforms) = preSolution
		Debug|Any CPU = Debug|Any CPU
		Release|Any CPU = Release|Any CPU
	EndGlobalSection
	GlobalSection(ProjectConfigurationPlatforms) = postSolution
		{09B231BB-EFDA-442A-A793-EE023ADE108A}.Debug|Any CPU.ActiveCfg = Debug|Any CPU
		{09B231BB-EFDA-442A-A793-EE023ADE108A}.Debug|Any CPU.Build.0 = Debug|Any CPU
		{09B231BB-EFDA-442A-A793-EE023ADE108A}.Release|Any CPU.ActiveCfg = Release|Any CPU
		{09B231BB-EFDA-442A-A793-EE023ADE108A}.Release|Any CPU.Build.0 = Release|Any CPU
		{0EAEE93E-7F50-46FD-B9C5-5F824CF01315}.Debug|Any CPU.ActiveCfg = Debug|Any CPU
		{0EAEE93E-7F50-46FD-B9C5-5F824CF01315}.Debug|Any CPU.Build.0 = Debug|Any CPU
		{0EAEE93E-7F50-46FD-B9C5-5F824CF01315}.Release|Any CPU.ActiveCfg = Release|Any CPU
		{0EAEE93E-7F50-46FD-B9C5-5F824CF01315}.Release|Any CPU.Build.0 = Release|Any CPU
		{78EF3DCD-F33B-491B-8F06-39E6E3297292}.Debug|Any CPU.ActiveCfg = Debug|Any CPU
		{78EF3DCD-F33B-491B-8F06-39E6E3297292}.Debug|Any CPU.Build.0 = Debug|Any CPU
		{78EF3DCD-F33B-491B-8F06-39E6E3297292}.Release|Any CPU.ActiveCfg = Release|Any CPU
		{78EF3DCD-F33B-491B-8F06-39E6E3297292}.Release|Any CPU.Build.0 = Release|Any CPU
	EndGlobalSection
	GlobalSection(SolutionProperties) = preSolution
		HideSolutionNode = FALSE
	EndGlobalSection
	GlobalSection(ExtensibilityGlobals) = postSolution
		SolutionGuid = {B3B0EC6D-5FA8-43B1-B39B-EA967C44BEF5}
	EndGlobalSection
EndGlobal
